// !$*UTF8*$!
{
	archiveVersion = 1;
	classes = {
	};
	objectVersion = 46;
	objects = {

/* Begin PBXBuildFile section */
		B96A6ECD1CDB2C5F00302869 /* AppDelegate.swift in Sources */ = {isa = PBXBuildFile; fileRef = B96A6ECC1CDB2C5F00302869 /* AppDelegate.swift */; };
		B96A6ECF1CDB2C5F00302869 /* ViewController.swift in Sources */ = {isa = PBXBuildFile; fileRef = B96A6ECE1CDB2C5F00302869 /* ViewController.swift */; };
		B96A6ED21CDB2C5F00302869 /* Main.storyboard in Resources */ = {isa = PBXBuildFile; fileRef = B96A6ED01CDB2C5F00302869 /* Main.storyboard */; };
		B96A6ED41CDB2C5F00302869 /* Assets.xcassets in Resources */ = {isa = PBXBuildFile; fileRef = B96A6ED31CDB2C5F00302869 /* Assets.xcassets */; };
		B96A6ED71CDB2C5F00302869 /* LaunchScreen.storyboard in Resources */ = {isa = PBXBuildFile; fileRef = B96A6ED51CDB2C5F00302869 /* LaunchScreen.storyboard */; };
		B96A6EE21CDB2C5F00302869 /* YHMessageViewTests.swift in Sources */ = {isa = PBXBuildFile; fileRef = B96A6EE11CDB2C5F00302869 /* YHMessageViewTests.swift */; };
		B96A6EED1CDB2C5F00302869 /* YHMessageViewUITests.swift in Sources */ = {isa = PBXBuildFile; fileRef = B96A6EEC1CDB2C5F00302869 /* YHMessageViewUITests.swift */; };
		B96A6EFC1CDB2C6F00302869 /* YHMessageView.swift in Sources */ = {isa = PBXBuildFile; fileRef = B96A6EFB1CDB2C6F00302869 /* YHMessageView.swift */; };
/* End PBXBuildFile section */

/* Begin PBXContainerItemProxy section */
		B96A6EDE1CDB2C5F00302869 /* PBXContainerItemProxy */ = {
			isa = PBXContainerItemProxy;
			containerPortal = B96A6EC11CDB2C5F00302869 /* Project object */;
			proxyType = 1;
			remoteGlobalIDString = B96A6EC81CDB2C5F00302869;
			remoteInfo = YHMessageView;
		};
		B96A6EE91CDB2C5F00302869 /* PBXContainerItemProxy */ = {
			isa = PBXContainerItemProxy;
			containerPortal = B96A6EC11CDB2C5F00302869 /* Project object */;
			proxyType = 1;
			remoteGlobalIDString = B96A6EC81CDB2C5F00302869;
			remoteInfo = YHMessageView;
		};
/* End PBXContainerItemProxy section */

/* Begin PBXFileReference section */
		B96A6EC91CDB2C5F00302869 /* YHMessageView.app */ = {isa = PBXFileReference; explicitFileType = wrapper.application; includeInIndex = 0; path = YHMessageView.app; sourceTree = BUILT_PRODUCTS_DIR; };
		B96A6ECC1CDB2C5F00302869 /* AppDelegate.swift */ = {isa = PBXFileReference; lastKnownFileType = sourcecode.swift; path = AppDelegate.swift; sourceTree = "<group>"; };
		B96A6ECE1CDB2C5F00302869 /* ViewController.swift */ = {isa = PBXFileReference; lastKnownFileType = sourcecode.swift; path = ViewController.swift; sourceTree = "<group>"; };
		B96A6ED11CDB2C5F00302869 /* Base */ = {isa = PBXFileReference; lastKnownFileType = file.storyboard; name = Base; path = Base.lproj/Main.storyboard; sourceTree = "<group>"; };
		B96A6ED31CDB2C5F00302869 /* Assets.xcassets */ = {isa = PBXFileReference; lastKnownFileType = folder.assetcatalog; path = Assets.xcassets; sourceTree = "<group>"; };
		B96A6ED61CDB2C5F00302869 /* Base */ = {isa = PBXFileReference; lastKnownFileType = file.storyboard; name = Base; path = Base.lproj/LaunchScreen.storyboard; sourceTree = "<group>"; };
		B96A6ED81CDB2C5F00302869 /* Info.plist */ = {isa = PBXFileReference; lastKnownFileType = text.plist.xml; path = Info.plist; sourceTree = "<group>"; };
		B96A6EDD1CDB2C5F00302869 /* YHMessageViewTests.xctest */ = {isa = PBXFileReference; explicitFileType = wrapper.cfbundle; includeInIndex = 0; path = YHMessageViewTests.xctest; sourceTree = BUILT_PRODUCTS_DIR; };
		B96A6EE11CDB2C5F00302869 /* YHMessageViewTests.swift */ = {isa = PBXFileReference; lastKnownFileType = sourcecode.swift; path = YHMessageViewTests.swift; sourceTree = "<group>"; };
		B96A6EE31CDB2C5F00302869 /* Info.plist */ = {isa = PBXFileReference; lastKnownFileType = text.plist.xml; path = Info.plist; sourceTree = "<group>"; };
		B96A6EE81CDB2C5F00302869 /* YHMessageViewUITests.xctest */ = {isa = PBXFileReference; explicitFileType = wrapper.cfbundle; includeInIndex = 0; path = YHMessageViewUITests.xctest; sourceTree = BUILT_PRODUCTS_DIR; };
		B96A6EEC1CDB2C5F00302869 /* YHMessageViewUITests.swift */ = {isa = PBXFileReference; lastKnownFileType = sourcecode.swift; path = YHMessageViewUITests.swift; sourceTree = "<group>"; };
		B96A6EEE1CDB2C5F00302869 /* Info.plist */ = {isa = PBXFileReference; lastKnownFileType = text.plist.xml; path = Info.plist; sourceTree = "<group>"; };
		B96A6EFB1CDB2C6F00302869 /* YHMessageView.swift */ = {isa = PBXFileReference; fileEncoding = 4; lastKnownFileType = sourcecode.swift; path = YHMessageView.swift; sourceTree = "<group>"; };
/* End PBXFileReference section */

/* Begin PBXFrameworksBuildPhase section */
		B96A6EC61CDB2C5F00302869 /* Frameworks */ = {
			isa = PBXFrameworksBuildPhase;
			buildActionMask = 2147483647;
			files = (
			);
			runOnlyForDeploymentPostprocessing = 0;
		};
		B96A6EDA1CDB2C5F00302869 /* Frameworks */ = {
			isa = PBXFrameworksBuildPhase;
			buildActionMask = 2147483647;
			files = (
			);
			runOnlyForDeploymentPostprocessing = 0;
		};
		B96A6EE51CDB2C5F00302869 /* Frameworks */ = {
			isa = PBXFrameworksBuildPhase;
			buildActionMask = 2147483647;
			files = (
			);
			runOnlyForDeploymentPostprocessing = 0;
		};
/* End PBXFrameworksBuildPhase section */

/* Begin PBXGroup section */
		B96A6EC01CDB2C5F00302869 = {
			isa = PBXGroup;
			children = (
				B96A6ECB1CDB2C5F00302869 /* YHMessageView */,
				B96A6EE01CDB2C5F00302869 /* YHMessageViewTests */,
				B96A6EEB1CDB2C5F00302869 /* YHMessageViewUITests */,
				B96A6ECA1CDB2C5F00302869 /* Products */,
			);
			sourceTree = "<group>";
		};
		B96A6ECA1CDB2C5F00302869 /* Products */ = {
			isa = PBXGroup;
			children = (
				B96A6EC91CDB2C5F00302869 /* YHMessageView.app */,
				B96A6EDD1CDB2C5F00302869 /* YHMessageViewTests.xctest */,
				B96A6EE81CDB2C5F00302869 /* YHMessageViewUITests.xctest */,
			);
			name = Products;
			sourceTree = "<group>";
		};
		B96A6ECB1CDB2C5F00302869 /* YHMessageView */ = {
			isa = PBXGroup;
			children = (
				B96A6EFB1CDB2C6F00302869 /* YHMessageView.swift */,
				B96A6ECC1CDB2C5F00302869 /* AppDelegate.swift */,
				B96A6ECE1CDB2C5F00302869 /* ViewController.swift */,
				B96A6ED01CDB2C5F00302869 /* Main.storyboard */,
				B96A6ED31CDB2C5F00302869 /* Assets.xcassets */,
				B96A6ED51CDB2C5F00302869 /* LaunchScreen.storyboard */,
				B96A6ED81CDB2C5F00302869 /* Info.plist */,
			);
			path = YHMessageView;
			sourceTree = "<group>";
		};
		B96A6EE01CDB2C5F00302869 /* YHMessageViewTests */ = {
			isa = PBXGroup;
			children = (
				B96A6EE11CDB2C5F00302869 /* YHMessageViewTests.swift */,
				B96A6EE31CDB2C5F00302869 /* Info.plist */,
			);
			path = YHMessageViewTests;
			sourceTree = "<group>";
		};
		B96A6EEB1CDB2C5F00302869 /* YHMessageViewUITests */ = {
			isa = PBXGroup;
			children = (
				B96A6EEC1CDB2C5F00302869 /* YHMessageViewUITests.swift */,
				B96A6EEE1CDB2C5F00302869 /* Info.plist */,
			);
			path = YHMessageViewUITests;
			sourceTree = "<group>";
		};
/* End PBXGroup section */

/* Begin PBXNativeTarget section */
		B96A6EC81CDB2C5F00302869 /* YHMessageView */ = {
			isa = PBXNativeTarget;
			buildConfigurationList = B96A6EF11CDB2C5F00302869 /* Build configuration list for PBXNativeTarget "YHMessageView" */;
			buildPhases = (
				B96A6EC51CDB2C5F00302869 /* Sources */,
				B96A6EC61CDB2C5F00302869 /* Frameworks */,
				B96A6EC71CDB2C5F00302869 /* Resources */,
			);
			buildRules = (
			);
			dependencies = (
			);
			name = YHMessageView;
			productName = YHMessageView;
			productReference = B96A6EC91CDB2C5F00302869 /* YHMessageView.app */;
			productType = "com.apple.product-type.application";
		};
		B96A6EDC1CDB2C5F00302869 /* YHMessageViewTests */ = {
			isa = PBXNativeTarget;
			buildConfigurationList = B96A6EF41CDB2C5F00302869 /* Build configuration list for PBXNativeTarget "YHMessageViewTests" */;
			buildPhases = (
				B96A6ED91CDB2C5F00302869 /* Sources */,
				B96A6EDA1CDB2C5F00302869 /* Frameworks */,
				B96A6EDB1CDB2C5F00302869 /* Resources */,
			);
			buildRules = (
			);
			dependencies = (
				B96A6EDF1CDB2C5F00302869 /* PBXTargetDependency */,
			);
			name = YHMessageViewTests;
			productName = YHMessageViewTests;
			productReference = B96A6EDD1CDB2C5F00302869 /* YHMessageViewTests.xctest */;
			productType = "com.apple.product-type.bundle.unit-test";
		};
		B96A6EE71CDB2C5F00302869 /* YHMessageViewUITests */ = {
			isa = PBXNativeTarget;
			buildConfigurationList = B96A6EF71CDB2C5F00302869 /* Build configuration list for PBXNativeTarget "YHMessageViewUITests" */;
			buildPhases = (
				B96A6EE41CDB2C5F00302869 /* Sources */,
				B96A6EE51CDB2C5F00302869 /* Frameworks */,
				B96A6EE61CDB2C5F00302869 /* Resources */,
			);
			buildRules = (
			);
			dependencies = (
				B96A6EEA1CDB2C5F00302869 /* PBXTargetDependency */,
			);
			name = YHMessageViewUITests;
			productName = YHMessageViewUITests;
			productReference = B96A6EE81CDB2C5F00302869 /* YHMessageViewUITests.xctest */;
			productType = "com.apple.product-type.bundle.ui-testing";
		};
/* End PBXNativeTarget section */

/* Begin PBXProject section */
		B96A6EC11CDB2C5F00302869 /* Project object */ = {
			isa = PBXProject;
			attributes = {
				LastSwiftUpdateCheck = 0730;
				LastUpgradeCheck = 0730;
				ORGANIZATIONNAME = harvey;
				TargetAttributes = {
					B96A6EC81CDB2C5F00302869 = {
						CreatedOnToolsVersion = 7.3;
					};
					B96A6EDC1CDB2C5F00302869 = {
						CreatedOnToolsVersion = 7.3;
						TestTargetID = B96A6EC81CDB2C5F00302869;
					};
					B96A6EE71CDB2C5F00302869 = {
						CreatedOnToolsVersion = 7.3;
						TestTargetID = B96A6EC81CDB2C5F00302869;
					};
				};
			};
			buildConfigurationList = B96A6EC41CDB2C5F00302869 /* Build configuration list for PBXProject "YHMessageView" */;
			compatibilityVersion = "Xcode 3.2";
			developmentRegion = English;
			hasScannedForEncodings = 0;
			knownRegions = (
				en,
				Base,
			);
			mainGroup = B96A6EC01CDB2C5F00302869;
			productRefGroup = B96A6ECA1CDB2C5F00302869 /* Products */;
			projectDirPath = "";
			projectRoot = "";
			targets = (
				B96A6EC81CDB2C5F00302869 /* YHMessageView */,
				B96A6EDC1CDB2C5F00302869 /* YHMessageViewTests */,
				B96A6EE71CDB2C5F00302869 /* YHMessageViewUITests */,
			);
		};
/* End PBXProject section */

/* Begin PBXResourcesBuildPhase section */
		B96A6EC71CDB2C5F00302869 /* Resources */ = {
			isa = PBXResourcesBuildPhase;
			buildActionMask = 2147483647;
			files = (
				B96A6ED71CDB2C5F00302869 /* LaunchScreen.storyboard in Resources */,
				B96A6ED41CDB2C5F00302869 /* Assets.xcassets in Resources */,
				B96A6ED21CDB2C5F00302869 /* Main.storyboard in Resources */,
			);
			runOnlyForDeploymentPostprocessing = 0;
		};
		B96A6EDB1CDB2C5F00302869 /* Resources */ = {
			isa = PBXResourcesBuildPhase;
			buildActionMask = 2147483647;
			files = (
			);
			runOnlyForDeploymentPostprocessing = 0;
		};
		B96A6EE61CDB2C5F00302869 /* Resources */ = {
			isa = PBXResourcesBuildPhase;
			buildActionMask = 2147483647;
			files = (
			);
			runOnlyForDeploymentPostprocessing = 0;
		};
/* End PBXResourcesBuildPhase section */

/* Begin PBXSourcesBuildPhase section */
		B96A6EC51CDB2C5F00302869 /* Sources */ = {
			isa = PBXSourcesBuildPhase;
			buildActionMask = 2147483647;
			files = (
				B96A6EFC1CDB2C6F00302869 /* YHMessageView.swift in Sources */,
				B96A6ECF1CDB2C5F00302869 /* ViewController.swift in Sources */,
				B96A6ECD1CDB2C5F00302869 /* AppDelegate.swift in Sources */,
			);
			runOnlyForDeploymentPostprocessing = 0;
		};
		B96A6ED91CDB2C5F00302869 /* Sources */ = {
			isa = PBXSourcesBuildPhase;
			buildActionMask = 2147483647;
			files = (
				B96A6EE21CDB2C5F00302869 /* YHMessageViewTests.swift in Sources */,
			);
			runOnlyForDeploymentPostprocessing = 0;
		};
		B96A6EE41CDB2C5F00302869 /* Sources */ = {
			isa = PBXSourcesBuildPhase;
			buildActionMask = 2147483647;
			files = (
				B96A6EED1CDB2C5F00302869 /* YHMessageViewUITests.swift in Sources */,
			);
			runOnlyForDeploymentPostprocessing = 0;
		};
/* End PBXSourcesBuildPhase section */

/* Begin PBXTargetDependency section */
		B96A6EDF1CDB2C5F00302869 /* PBXTargetDependency */ = {
			isa = PBXTargetDependency;
			target = B96A6EC81CDB2C5F00302869 /* YHMessageView */;
			targetProxy = B96A6EDE1CDB2C5F00302869 /* PBXContainerItemProxy */;
		};
		B96A6EEA1CDB2C5F00302869 /* PBXTargetDependency */ = {
			isa = PBXTargetDependency;
			target = B96A6EC81CDB2C5F00302869 /* YHMessageView */;
			targetProxy = B96A6EE91CDB2C5F00302869 /* PBXContainerItemProxy */;
		};
/* End PBXTargetDependency section */

/* Begin PBXVariantGroup section */
		B96A6ED01CDB2C5F00302869 /* Main.storyboard */ = {
			isa = PBXVariantGroup;
			children = (
				B96A6ED11CDB2C5F00302869 /* Base */,
			);
			name = Main.storyboard;
			sourceTree = "<group>";
		};
		B96A6ED51CDB2C5F00302869 /* LaunchScreen.storyboard */ = {
			isa = PBXVariantGroup;
			children = (
				B96A6ED61CDB2C5F00302869 /* Base */,
			);
			name = LaunchScreen.storyboard;
			sourceTree = "<group>";
		};
/* End PBXVariantGroup section */

/* Begin XCBuildConfiguration section */
		B96A6EEF1CDB2C5F00302869 /* Debug */ = {
			isa = XCBuildConfiguration;
			buildSettings = {
				ALWAYS_SEARCH_USER_PATHS = NO;
				CLANG_ANALYZER_NONNULL = YES;
				CLANG_CXX_LANGUAGE_STANDARD = "gnu++0x";
				CLANG_CXX_LIBRARY = "libc++";
				CLANG_ENABLE_MODULES = YES;
				CLANG_ENABLE_OBJC_ARC = YES;
				CLANG_WARN_BOOL_CONVERSION = YES;
				CLANG_WARN_CONSTANT_CONVERSION = YES;
				CLANG_WARN_DIRECT_OBJC_ISA_USAGE = YES_ERROR;
				CLANG_WARN_EMPTY_BODY = YES;
				CLANG_WARN_ENUM_CONVERSION = YES;
				CLANG_WARN_INT_CONVERSION = YES;
				CLANG_WARN_OBJC_ROOT_CLASS = YES_ERROR;
				CLANG_WARN_UNREACHABLE_CODE = YES;
				CLANG_WARN__DUPLICATE_METHOD_MATCH = YES;
				"CODE_SIGN_IDENTITY[sdk=iphoneos*]" = "iPhone Developer";
				COPY_PHASE_STRIP = NO;
				DEBUG_INFORMATION_FORMAT = dwarf;
				ENABLE_STRICT_OBJC_MSGSEND = YES;
				ENABLE_TESTABILITY = YES;
				GCC_C_LANGUAGE_STANDARD = gnu99;
				GCC_DYNAMIC_NO_PIC = NO;
				GCC_NO_COMMON_BLOCKS = YES;
				GCC_OPTIMIZATION_LEVEL = 0;
				GCC_PREPROCESSOR_DEFINITIONS = (
					"DEBUG=1",
					"$(inherited)",
				);
				GCC_WARN_64_TO_32_BIT_CONVERSION = YES;
				GCC_WARN_ABOUT_RETURN_TYPE = YES_ERROR;
				GCC_WARN_UNDECLARED_SELECTOR = YES;
				GCC_WARN_UNINITIALIZED_AUTOS = YES_AGGRESSIVE;
				GCC_WARN_UNUSED_FUNCTION = YES;
				GCC_WARN_UNUSED_VARIABLE = YES;
				IPHONEOS_DEPLOYMENT_TARGET = 9.3;
				MTL_ENABLE_DEBUG_INFO = YES;
				ONLY_ACTIVE_ARCH = YES;
				SDKROOT = iphoneos;
				SWIFT_OPTIMIZATION_LEVEL = "-Onone";
			};
			name = Debug;
		};
		B96A6EF01CDB2C5F00302869 /* Release */ = {
			isa = XCBuildConfiguration;
			buildSettings = {
				ALWAYS_SEARCH_USER_PATHS = NO;
				CLANG_ANALYZER_NONNULL = YES;
				CLANG_CXX_LANGUAGE_STANDARD = "gnu++0x";
				CLANG_CXX_LIBRARY = "libc++";
				CLANG_ENABLE_MODULES = YES;
				CLANG_ENABLE_OBJC_ARC = YES;
				CLANG_WARN_BOOL_CONVERSION = YES;
				CLANG_WARN_CONSTANT_CONVERSION = YES;
				CLANG_WARN_DIRECT_OBJC_ISA_USAGE = YES_ERROR;
				CLANG_WARN_EMPTY_BODY = YES;
				CLANG_WARN_ENUM_CONVERSION = YES;
				CLANG_WARN_INT_CONVERSION = YES;
				CLANG_WARN_OBJC_ROOT_CLASS = YES_ERROR;
				CLANG_WARN_UNREACHABLE_CODE = YES;
				CLANG_WARN__DUPLICATE_METHOD_MATCH = YES;
				"CODE_SIGN_IDENTITY[sdk=iphoneos*]" = "iPhone Developer";
				COPY_PHASE_STRIP = NO;
				DEBUG_INFORMATION_FORMAT = "dwarf-with-dsym";
				ENABLE_NS_ASSERTIONS = NO;
				ENABLE_STRICT_OBJC_MSGSEND = YES;
				GCC_C_LANGUAGE_STANDARD = gnu99;
				GCC_NO_COMMON_BLOCKS = YES;
				GCC_WARN_64_TO_32_BIT_CONVERSION = YES;
				GCC_WARN_ABOUT_RETURN_TYPE = YES_ERROR;
				GCC_WARN_UNDECLARED_SELECTOR = YES;
				GCC_WARN_UNINITIALIZED_AUTOS = YES_AGGRESSIVE;
				GCC_WARN_UNUSED_FUNCTION = YES;
				GCC_WARN_UNUSED_VARIABLE = YES;
				IPHONEOS_DEPLOYMENT_TARGET = 9.3;
				MTL_ENABLE_DEBUG_INFO = NO;
				SDKROOT = iphoneos;
				VALIDATE_PRODUCT = YES;
			};
			name = Release;
		};
		B96A6EF21CDB2C5F00302869 /* Debug */ = {
			isa = XCBuildConfiguration;
			buildSettings = {
				ASSETCATALOG_COMPILER_APPICON_NAME = AppIcon;
				INFOPLIST_FILE = YHMessageView/Info.plist;
				LD_RUNPATH_SEARCH_PATHS = "$(inherited) @executable_path/Frameworks";
				PRODUCT_BUNDLE_IDENTIFIER = com.microduino.YHMessageView;
				PRODUCT_NAME = "$(TARGET_NAME)";
			};
			name = Debug;
		};
		B96A6EF31CDB2C5F00302869 /* Release */ = {
			isa = XCBuildConfiguration;
			buildSettings = {
				ASSETCATALOG_COMPILER_APPICON_NAME = AppIcon;
				INFOPLIST_FILE = YHMessageView/Info.plist;
				LD_RUNPATH_SEARCH_PATHS = "$(inherited) @executable_path/Frameworks";
				PRODUCT_BUNDLE_IDENTIFIER = com.microduino.YHMessageView;
				PRODUCT_NAME = "$(TARGET_NAME)";
			};
			name = Release;
		};
		B96A6EF51CDB2C5F00302869 /* Debug */ = {
			isa = XCBuildConfiguration;
			buildSettings = {
				BUNDLE_LOADER = "$(TEST_HOST)";
				INFOPLIST_FILE = YHMessageViewTests/Info.plist;
				LD_RUNPATH_SEARCH_PATHS = "$(inherited) @executable_path/Frameworks @loader_path/Frameworks";
				PRODUCT_BUNDLE_IDENTIFIER = com.microduino.YHMessageViewTests;
				PRODUCT_NAME = "$(TARGET_NAME)";
				TEST_HOST = "$(BUILT_PRODUCTS_DIR)/YHMessageView.app/YHMessageView";
			};
			name = Debug;
		};
		B96A6EF61CDB2C5F00302869 /* Release */ = {
			isa = XCBuildConfiguration;
			buildSettings = {
				BUNDLE_LOADER = "$(TEST_HOST)";
				INFOPLIST_FILE = YHMessageViewTests/Info.plist;
				LD_RUNPATH_SEARCH_PATHS = "$(inherited) @executable_path/Frameworks @loader_path/Frameworks";
				PRODUCT_BUNDLE_IDENTIFIER = com.microduino.YHMessageViewTests;
				PRODUCT_NAME = "$(TARGET_NAME)";
				TEST_HOST = "$(BUILT_PRODUCTS_DIR)/YHMessageView.app/YHMessageView";
			};
			name = Release;
		};
		B96A6EF81CDB2C5F00302869 /* Debug */ = {
			isa = XCBuildConfiguration;
			buildSettings = {
				INFOPLIST_FILE = YHMessageViewUITests/Info.plist;
				LD_RUNPATH_SEARCH_PATHS = "$(inherited) @executable_path/Frameworks @loader_path/Frameworks";
				PRODUCT_BUNDLE_IDENTIFIER = com.microduino.YHMessageViewUITests;
				PRODUCT_NAME = "$(TARGET_NAME)";
				TEST_TARGET_NAME = YHMessageView;
			};
			name = Debug;
		};
		B96A6EF91CDB2C5F00302869 /* Release */ = {
			isa = XCBuildConfiguration;
			buildSettings = {
				INFOPLIST_FILE = YHMessageViewUITests/Info.plist;
				LD_RUNPATH_SEARCH_PATHS = "$(inherited) @executable_path/Frameworks @loader_path/Frameworks";
				PRODUCT_BUNDLE_IDENTIFIER = com.microduino.YHMessageViewUITests;
				PRODUCT_NAME = "$(TARGET_NAME)";
				TEST_TARGET_NAME = YHMessageView;
			};
			name = Release;
		};
/* End XCBuildConfiguration section */

/* Begin XCConfigurationList section */
		B96A6EC41CDB2C5F00302869 /* Build configuration list for PBXProject "YHMessageView" */ = {
			isa = XCConfigurationList;
			buildConfigurations = (
				B96A6EEF1CDB2C5F00302869 /* Debug */,
				B96A6EF01CDB2C5F00302869 /* Release */,
			);
			defaultConfigurationIsVisible = 0;
			defaultConfigurationName = Release;
		};
		B96A6EF11CDB2C5F00302869 /* Build configuration list for PBXNativeTarget "YHMessageView" */ = {
			isa = XCConfigurationList;
			buildConfigurations = (
				B96A6EF21CDB2C5F00302869 /* Debug */,
				B96A6EF31CDB2C5F00302869 /* Release */,
			);
			defaultConfigurationIsVisible = 0;
		};
		B96A6EF41CDB2C5F00302869 /* Build configuration list for PBXNativeTarget "YHMessageViewTests" */ = {
			isa = XCConfigurationList;
			buildConfigurations = (
				B96A6EF51CDB2C5F00302869 /* Debug */,
				B96A6EF61CDB2C5F00302869 /* Release */,
			);
			defaultConfigurationIsVisible = 0;
		};
		B96A6EF71CDB2C5F00302869 /* Build configuration list for PBXNativeTarget "YHMessageViewUITests" */ = {
			isa = XCConfigurationList;
			buildConfigurations = (
				B96A6EF81CDB2C5F00302869 /* Debug */,
				B96A6EF91CDB2C5F00302869 /* Release */,
			);
			defaultConfigurationIsVisible = 0;
		};
/* End XCConfigurationList section */
	};
	rootObject = B96A6EC11CDB2C5F00302869 /* Project object */;
}
